
Microsoft Visual Studio Solution File, Format Version 12.00
# Visual Studio Version 17
VisualStudioVersion = 17.0.32014.148
MinimumVisualStudioVersion = 10.0.40219.1
Project("{FAE04EC0-301F-11D3-BF4B-00C04F79EFBC}") = "CabInvoiceGenerator", "CabInvoiceGenerator.csproj", "{8F224513-C623-4FDF-B2C2-E6DC32277D87}"
EndProject
Project("{FAE04EC0-301F-11D3-BF4B-00C04F79EFBC}") = "CabInvoiceGeneratorTest", "..\CabInvoiceGeneratorTest\CabInvoiceGeneratorTest.csproj", "{C29D1E98-AC86-4D0D-B1CF-39B35A969D37}"
EndProject
Global
	GlobalSection(SolutionConfigurationPlatforms) = preSolution
		Debug|Any CPU = Debug|Any CPU
		Release|Any CPU = Release|Any CPU
	EndGlobalSection
	GlobalSection(ProjectConfigurationPlatforms) = postSolution
		{8F224513-C623-4FDF-B2C2-E6DC32277D87}.Debug|Any CPU.ActiveCfg = Debug|Any CPU
		{8F224513-C623-4FDF-B2C2-E6DC32277D87}.Debug|Any CPU.Build.0 = Debug|Any CPU
		{8F224513-C623-4FDF-B2C2-E6DC32277D87}.Release|Any CPU.ActiveCfg = Release|Any CPU
		{8F224513-C623-4FDF-B2C2-E6DC32277D87}.Release|Any CPU.Build.0 = Release|Any CPU
		{C29D1E98-AC86-4D0D-B1CF-39B35A969D37}.Debug|Any CPU.ActiveCfg = Debug|Any CPU
		{C29D1E98-AC86-4D0D-B1CF-39B35A969D37}.Debug|Any CPU.Build.0 = Debug|Any CPU
		{C29D1E98-AC86-4D0D-B1CF-39B35A969D37}.Release|Any CPU.ActiveCfg = Release|Any CPU
		{C29D1E98-AC86-4D0D-B1CF-39B35A969D37}.Release|Any CPU.Build.0 = Release|Any CPU
	EndGlobalSection
	GlobalSection(SolutionProperties) = preSolution
		HideSolutionNode = FALSE
	EndGlobalSection
	GlobalSection(ExtensibilityGlobals) = postSolution
		SolutionGuid = {2AAA4ED0-29D6-4EED-A3C6-E0FAF11225B2}
	EndGlobalSection
EndGlobal
